// !$*UTF8*$!
{
	archiveVersion = 1;
	classes = {
	};
	objectVersion = 46;
	objects = {

/* Begin PBXBuildFile section */
		4912531B1756551700B0A8E4 /* Record.m in Sources */ = {isa = PBXBuildFile; fileRef = 4912531A1756551700B0A8E4 /* Record.m */; };
		4912531E1756551700B0A8E4 /* Task.m in Sources */ = {isa = PBXBuildFile; fileRef = 4912531D1756551700B0A8E4 /* Task.m */; };
		492079ED175C933F00D5BA15 /* StartTaskCircle.m in Sources */ = {isa = PBXBuildFile; fileRef = 492079EC175C933F00D5BA15 /* StartTaskCircle.m */; };
		493527FB174DB0060030518F /* AddTaskViewController.m in Sources */ = {isa = PBXBuildFile; fileRef = 493527F9174DB0060030518F /* AddTaskViewController.m */; };
		493527FC174DB0060030518F /* AddTaskViewController.xib in Resources */ = {isa = PBXBuildFile; fileRef = 493527FA174DB0060030518F /* AddTaskViewController.xib */; };
		4957F70017535BF100299233 /* AddTaskCircle.m in Sources */ = {isa = PBXBuildFile; fileRef = 4957F6FF17535BF100299233 /* AddTaskCircle.m */; };
		496B7310174D110C0082502B /* HomeViewController.xib in Resources */ = {isa = PBXBuildFile; fileRef = 496B730F174D110C0082502B /* HomeViewController.xib */; };
		496B7318174D190B0082502B /* TaskCollectionHeaderView.m in Sources */ = {isa = PBXBuildFile; fileRef = 496B7317174D190B0082502B /* TaskCollectionHeaderView.m */; };
		49B00B961750AB1000139741 /* Task.xcdatamodeld in Sources */ = {isa = PBXBuildFile; fileRef = 49B00B941750AB1000139741 /* Task.xcdatamodeld */; };
		49B00B981750B0A600139741 /* CoreData.framework in Frameworks */ = {isa = PBXBuildFile; fileRef = 49B00B971750B0A600139741 /* CoreData.framework */; };
		49B68FBB17486BE700CF841D /* UIKit.framework in Frameworks */ = {isa = PBXBuildFile; fileRef = 49B68FBA17486BE700CF841D /* UIKit.framework */; };
		49B68FBD17486BE700CF841D /* Foundation.framework in Frameworks */ = {isa = PBXBuildFile; fileRef = 49B68FBC17486BE700CF841D /* Foundation.framework */; };
		49B68FBF17486BE700CF841D /* CoreGraphics.framework in Frameworks */ = {isa = PBXBuildFile; fileRef = 49B68FBE17486BE700CF841D /* CoreGraphics.framework */; };
		49B68FC517486BE700CF841D /* InfoPlist.strings in Resources */ = {isa = PBXBuildFile; fileRef = 49B68FC317486BE700CF841D /* InfoPlist.strings */; };
		49B68FC717486BE700CF841D /* main.m in Sources */ = {isa = PBXBuildFile; fileRef = 49B68FC617486BE700CF841D /* main.m */; };
		49B68FCB17486BE700CF841D /* AppDelegate.m in Sources */ = {isa = PBXBuildFile; fileRef = 49B68FCA17486BE700CF841D /* AppDelegate.m */; };
		49B68FCD17486BE700CF841D /* Default.png in Resources */ = {isa = PBXBuildFile; fileRef = 49B68FCC17486BE700CF841D /* Default.png */; };
		49B68FCF17486BE700CF841D /* Default@2x.png in Resources */ = {isa = PBXBuildFile; fileRef = 49B68FCE17486BE700CF841D /* Default@2x.png */; };
		49B68FD117486BE700CF841D /* Default-568h@2x.png in Resources */ = {isa = PBXBuildFile; fileRef = 49B68FD017486BE700CF841D /* Default-568h@2x.png */; };
		49B68FE017486E2E00CF841D /* background.png in Resources */ = {isa = PBXBuildFile; fileRef = 49B68FDE17486E2E00CF841D /* background.png */; };
		49B68FE117486E2E00CF841D /* logo.png in Resources */ = {isa = PBXBuildFile; fileRef = 49B68FDF17486E2E00CF841D /* logo.png */; };
		49B68FE317486FB800CF841D /* icon.png in Resources */ = {isa = PBXBuildFile; fileRef = 49B68FE217486FB800CF841D /* icon.png */; };
		49B68FE517486FBD00CF841D /* icon@2x.png in Resources */ = {isa = PBXBuildFile; fileRef = 49B68FE417486FBD00CF841D /* icon@2x.png */; };
		49B68FE81748757200CF841D /* HomeViewController.m in Sources */ = {isa = PBXBuildFile; fileRef = 49B68FE71748757200CF841D /* HomeViewController.m */; };
		49B68FEB17489C1A00CF841D /* AddTaskCell.m in Sources */ = {isa = PBXBuildFile; fileRef = 49B68FEA17489C1A00CF841D /* AddTaskCell.m */; };
		49B68FED17489F9F00CF841D /* AddTaskCell.xib in Resources */ = {isa = PBXBuildFile; fileRef = 49B68FEC17489F9F00CF841D /* AddTaskCell.xib */; };
		49C1805F174A7F3B00A95FE6 /* SystemConfig.plist in Resources */ = {isa = PBXBuildFile; fileRef = 49C1805E174A7F3B00A95FE6 /* SystemConfig.plist */; };
		49C18062174B499700A95FE6 /* StartTaskCell.m in Sources */ = {isa = PBXBuildFile; fileRef = 49C18061174B499700A95FE6 /* StartTaskCell.m */; };
		49C18064174B49B600A95FE6 /* StartTaskCell.xib in Resources */ = {isa = PBXBuildFile; fileRef = 49C18063174B49B600A95FE6 /* StartTaskCell.xib */; };
		49C56179175701E1003FA8C8 /* TaskProgressView.h in Sources */ = {isa = PBXBuildFile; fileRef = 49C561711756FF62003FA8C8 /* TaskProgressView.h */; };
		49C5617A175701E1003FA8C8 /* TaskProgressView.m in Sources */ = {isa = PBXBuildFile; fileRef = 49C561721756FF62003FA8C8 /* TaskProgressView.m */; };
		49C5617B175701E1003FA8C8 /* TaskShowingViewController.h in Sources */ = {isa = PBXBuildFile; fileRef = 49C561731756FF62003FA8C8 /* TaskShowingViewController.h */; };
		49C5617C175701E1003FA8C8 /* TaskShowingViewController.m in Sources */ = {isa = PBXBuildFile; fileRef = 49C561741756FF62003FA8C8 /* TaskShowingViewController.m */; };
		49FE018C17588F7400F796C9 /* TaskShowingViewController.xib in Resources */ = {isa = PBXBuildFile; fileRef = 49FE018B17588F7400F796C9 /* TaskShowingViewController.xib */; };
		49FE0194175899D600F796C9 /* CommonHelper.m in Sources */ = {isa = PBXBuildFile; fileRef = 49FE0193175899D600F796C9 /* CommonHelper.m */; };
/* End PBXBuildFile section */

/* Begin PBXFileReference section */
		491253191756551700B0A8E4 /* Record.h */ = {isa = PBXFileReference; fileEncoding = 4; lastKnownFileType = sourcecode.c.h; path = Record.h; sourceTree = "<group>"; };
		4912531A1756551700B0A8E4 /* Record.m */ = {isa = PBXFileReference; fileEncoding = 4; lastKnownFileType = sourcecode.c.objc; path = Record.m; sourceTree = "<group>"; };
		4912531C1756551700B0A8E4 /* Task.h */ = {isa = PBXFileReference; fileEncoding = 4; lastKnownFileType = sourcecode.c.h; path = Task.h; sourceTree = "<group>"; };
		4912531D1756551700B0A8E4 /* Task.m */ = {isa = PBXFileReference; fileEncoding = 4; lastKnownFileType = sourcecode.c.objc; path = Task.m; sourceTree = "<group>"; };
		492079EB175C933F00D5BA15 /* StartTaskCircle.h */ = {isa = PBXFileReference; fileEncoding = 4; lastKnownFileType = sourcecode.c.h; path = StartTaskCircle.h; sourceTree = "<group>"; };
		492079EC175C933F00D5BA15 /* StartTaskCircle.m */ = {isa = PBXFileReference; fileEncoding = 4; lastKnownFileType = sourcecode.c.objc; path = StartTaskCircle.m; sourceTree = "<group>"; };
		493527F8174DB0060030518F /* AddTaskViewController.h */ = {isa = PBXFileReference; fileEncoding = 4; lastKnownFileType = sourcecode.c.h; path = AddTaskViewController.h; sourceTree = "<group>"; };
		493527F9174DB0060030518F /* AddTaskViewController.m */ = {isa = PBXFileReference; fileEncoding = 4; lastKnownFileType = sourcecode.c.objc; path = AddTaskViewController.m; sourceTree = "<group>"; };
		493527FA174DB0060030518F /* AddTaskViewController.xib */ = {isa = PBXFileReference; fileEncoding = 4; lastKnownFileType = file.xib; path = AddTaskViewController.xib; sourceTree = "<group>"; };
		4957F6FE17535BF100299233 /* AddTaskCircle.h */ = {isa = PBXFileReference; fileEncoding = 4; lastKnownFileType = sourcecode.c.h; path = AddTaskCircle.h; sourceTree = "<group>"; };
		4957F6FF17535BF100299233 /* AddTaskCircle.m */ = {isa = PBXFileReference; fileEncoding = 4; lastKnownFileType = sourcecode.c.objc; path = AddTaskCircle.m; sourceTree = "<group>"; };
		496B730F174D110C0082502B /* HomeViewController.xib */ = {isa = PBXFileReference; fileEncoding = 4; lastKnownFileType = file.xib; path = HomeViewController.xib; sourceTree = "<group>"; };
		496B7316174D190B0082502B /* TaskCollectionHeaderView.h */ = {isa = PBXFileReference; fileEncoding = 4; lastKnownFileType = sourcecode.c.h; path = TaskCollectionHeaderView.h; sourceTree = "<group>"; };
		496B7317174D190B0082502B /* TaskCollectionHeaderView.m */ = {isa = PBXFileReference; fileEncoding = 4; lastKnownFileType = sourcecode.c.objc; path = TaskCollectionHeaderView.m; sourceTree = "<group>"; };
		49B00B951750AB1000139741 /* Task.xcdatamodel */ = {isa = PBXFileReference; lastKnownFileType = wrapper.xcdatamodel; path = Task.xcdatamodel; sourceTree = "<group>"; };
		49B00B971750B0A600139741 /* CoreData.framework */ = {isa = PBXFileReference; lastKnownFileType = wrapper.framework; name = CoreData.framework; path = System/Library/Frameworks/CoreData.framework; sourceTree = SDKROOT; };
		49B68FB717486BE700CF841D /* TenKHours.app */ = {isa = PBXFileReference; explicitFileType = wrapper.application; includeInIndex = 0; path = TenKHours.app; sourceTree = BUILT_PRODUCTS_DIR; };
		49B68FBA17486BE700CF841D /* UIKit.framework */ = {isa = PBXFileReference; lastKnownFileType = wrapper.framework; name = UIKit.framework; path = System/Library/Frameworks/UIKit.framework; sourceTree = SDKROOT; };
		49B68FBC17486BE700CF841D /* Foundation.framework */ = {isa = PBXFileReference; lastKnownFileType = wrapper.framework; name = Foundation.framework; path = System/Library/Frameworks/Foundation.framework; sourceTree = SDKROOT; };
		49B68FBE17486BE700CF841D /* CoreGraphics.framework */ = {isa = PBXFileReference; lastKnownFileType = wrapper.framework; name = CoreGraphics.framework; path = System/Library/Frameworks/CoreGraphics.framework; sourceTree = SDKROOT; };
		49B68FC217486BE700CF841D /* TenKHours-Info.plist */ = {isa = PBXFileReference; lastKnownFileType = text.plist.xml; path = "TenKHours-Info.plist"; sourceTree = "<group>"; };
		49B68FC417486BE700CF841D /* en */ = {isa = PBXFileReference; lastKnownFileType = text.plist.strings; name = en; path = en.lproj/InfoPlist.strings; sourceTree = "<group>"; };
		49B68FC617486BE700CF841D /* main.m */ = {isa = PBXFileReference; lastKnownFileType = sourcecode.c.objc; path = main.m; sourceTree = "<group>"; };
		49B68FC817486BE700CF841D /* TenKHours-Prefix.pch */ = {isa = PBXFileReference; lastKnownFileType = sourcecode.c.h; path = "TenKHours-Prefix.pch"; sourceTree = "<group>"; };
		49B68FC917486BE700CF841D /* AppDelegate.h */ = {isa = PBXFileReference; lastKnownFileType = sourcecode.c.h; path = AppDelegate.h; sourceTree = "<group>"; };
		49B68FCA17486BE700CF841D /* AppDelegate.m */ = {isa = PBXFileReference; lastKnownFileType = sourcecode.c.objc; path = AppDelegate.m; sourceTree = "<group>"; };
		49B68FCC17486BE700CF841D /* Default.png */ = {isa = PBXFileReference; lastKnownFileType = image.png; path = Default.png; sourceTree = "<group>"; };
		49B68FCE17486BE700CF841D /* Default@2x.png */ = {isa = PBXFileReference; lastKnownFileType = image.png; path = "Default@2x.png"; sourceTree = "<group>"; };
		49B68FD017486BE700CF841D /* Default-568h@2x.png */ = {isa = PBXFileReference; lastKnownFileType = image.png; path = "Default-568h@2x.png"; sourceTree = "<group>"; };
		49B68FDE17486E2E00CF841D /* background.png */ = {isa = PBXFileReference; lastKnownFileType = image.png; path = background.png; sourceTree = "<group>"; };
		49B68FDF17486E2E00CF841D /* logo.png */ = {isa = PBXFileReference; lastKnownFileType = image.png; path = logo.png; sourceTree = "<group>"; };
		49B68FE217486FB800CF841D /* icon.png */ = {isa = PBXFileReference; lastKnownFileType = image.png; name = icon.png; path = ../../icon.png; sourceTree = "<group>"; };
		49B68FE417486FBD00CF841D /* icon@2x.png */ = {isa = PBXFileReference; lastKnownFileType = image.png; name = "icon@2x.png"; path = "../../icon@2x.png"; sourceTree = "<group>"; };
		49B68FE61748757200CF841D /* HomeViewController.h */ = {isa = PBXFileReference; fileEncoding = 4; lastKnownFileType = sourcecode.c.h; path = HomeViewController.h; sourceTree = "<group>"; };
		49B68FE71748757200CF841D /* HomeViewController.m */ = {isa = PBXFileReference; fileEncoding = 4; lastKnownFileType = sourcecode.c.objc; path = HomeViewController.m; sourceTree = "<group>"; };
		49B68FE917489C1A00CF841D /* AddTaskCell.h */ = {isa = PBXFileReference; fileEncoding = 4; lastKnownFileType = sourcecode.c.h; path = AddTaskCell.h; sourceTree = "<group>"; };
		49B68FEA17489C1A00CF841D /* AddTaskCell.m */ = {isa = PBXFileReference; fileEncoding = 4; lastKnownFileType = sourcecode.c.objc; path = AddTaskCell.m; sourceTree = "<group>"; };
		49B68FEC17489F9F00CF841D /* AddTaskCell.xib */ = {isa = PBXFileReference; fileEncoding = 4; lastKnownFileType = file.xib; path = AddTaskCell.xib; sourceTree = "<group>"; };
		49C1805E174A7F3B00A95FE6 /* SystemConfig.plist */ = {isa = PBXFileReference; fileEncoding = 4; lastKnownFileType = text.plist.xml; path = SystemConfig.plist; sourceTree = "<group>"; };
		49C18060174B499700A95FE6 /* StartTaskCell.h */ = {isa = PBXFileReference; fileEncoding = 4; lastKnownFileType = sourcecode.c.h; path = StartTaskCell.h; sourceTree = "<group>"; };
		49C18061174B499700A95FE6 /* StartTaskCell.m */ = {isa = PBXFileReference; fileEncoding = 4; lastKnownFileType = sourcecode.c.objc; path = StartTaskCell.m; sourceTree = "<group>"; };
		49C18063174B49B600A95FE6 /* StartTaskCell.xib */ = {isa = PBXFileReference; fileEncoding = 4; lastKnownFileType = file.xib; path = StartTaskCell.xib; sourceTree = "<group>"; };
		49C561711756FF62003FA8C8 /* TaskProgressView.h */ = {isa = PBXFileReference; lastKnownFileType = sourcecode.c.h; path = TaskProgressView.h; sourceTree = "<group>"; };
		49C561721756FF62003FA8C8 /* TaskProgressView.m */ = {isa = PBXFileReference; lastKnownFileType = sourcecode.c.objc; path = TaskProgressView.m; sourceTree = "<group>"; };
		49C561731756FF62003FA8C8 /* TaskShowingViewController.h */ = {isa = PBXFileReference; lastKnownFileType = sourcecode.c.h; path = TaskShowingViewController.h; sourceTree = "<group>"; };
		49C561741756FF62003FA8C8 /* TaskShowingViewController.m */ = {isa = PBXFileReference; lastKnownFileType = sourcecode.c.objc; path = TaskShowingViewController.m; sourceTree = "<group>"; };
		49FE018B17588F7400F796C9 /* TaskShowingViewController.xib */ = {isa = PBXFileReference; fileEncoding = 4; lastKnownFileType = file.xib; path = TaskShowingViewController.xib; sourceTree = "<group>"; };
		49FE0192175899D600F796C9 /* CommonHelper.h */ = {isa = PBXFileReference; fileEncoding = 4; lastKnownFileType = sourcecode.c.h; path = CommonHelper.h; sourceTree = "<group>"; };
		49FE0193175899D600F796C9 /* CommonHelper.m */ = {isa = PBXFileReference; fileEncoding = 4; lastKnownFileType = sourcecode.c.objc; path = CommonHelper.m; sourceTree = "<group>"; };
		89771ABA17515A4A00C63D2A /* QuartzCore.framework */ = {isa = PBXFileReference; lastKnownFileType = wrapper.framework; name = QuartzCore.framework; path = System/Library/Frameworks/QuartzCore.framework; sourceTree = SDKROOT; };
/* End PBXFileReference section */

/* Begin PBXFrameworksBuildPhase section */
		49B68FB417486BE700CF841D /* Frameworks */ = {
			isa = PBXFrameworksBuildPhase;
			buildActionMask = 2147483647;
			files = (
				49B00B981750B0A600139741 /* CoreData.framework in Frameworks */,
				49B68FBB17486BE700CF841D /* UIKit.framework in Frameworks */,
				49B68FBD17486BE700CF841D /* Foundation.framework in Frameworks */,
				49B68FBF17486BE700CF841D /* CoreGraphics.framework in Frameworks */,
			);
			runOnlyForDeploymentPostprocessing = 0;
		};
/* End PBXFrameworksBuildPhase section */

/* Begin PBXGroup section */
		1B8943D6D44D330FFBDCE50C /* TaskShowing */ = {
			isa = PBXGroup;
			children = (
				49C561711756FF62003FA8C8 /* TaskProgressView.h */,
				49C561721756FF62003FA8C8 /* TaskProgressView.m */,
				49C561731756FF62003FA8C8 /* TaskShowingViewController.h */,
				49C561741756FF62003FA8C8 /* TaskShowingViewController.m */,
				49FE018B17588F7400F796C9 /* TaskShowingViewController.xib */,
			);
			path = TaskShowing;
			sourceTree = "<group>";
		};
		4912531F17565EC300B0A8E4 /* Resources */ = {
			isa = PBXGroup;
			children = (
				4912531C1756551700B0A8E4 /* Task.h */,
				4912531D1756551700B0A8E4 /* Task.m */,
				491253191756551700B0A8E4 /* Record.h */,
				4912531A1756551700B0A8E4 /* Record.m */,
				49B00B941750AB1000139741 /* Task.xcdatamodeld */,
				49C1805E174A7F3B00A95FE6 /* SystemConfig.plist */,
				49B68FDD17486E2E00CF841D /* images */,
			);
			name = Resources;
			sourceTree = "<group>";
		};
		49B68FAE17486BE700CF841D = {
			isa = PBXGroup;
			children = (
				49B68FC017486BE700CF841D /* TenKHours */,
				49B68FB917486BE700CF841D /* Frameworks */,
				49B68FB817486BE700CF841D /* Products */,
			);
			sourceTree = "<group>";
		};
		49B68FB817486BE700CF841D /* Products */ = {
			isa = PBXGroup;
			children = (
				49B68FB717486BE700CF841D /* TenKHours.app */,
			);
			name = Products;
			sourceTree = "<group>";
		};
		49B68FB917486BE700CF841D /* Frameworks */ = {
			isa = PBXGroup;
			children = (
				89771ABA17515A4A00C63D2A /* QuartzCore.framework */,
				49B00B971750B0A600139741 /* CoreData.framework */,
				49B68FBA17486BE700CF841D /* UIKit.framework */,
				49B68FBC17486BE700CF841D /* Foundation.framework */,
				49B68FBE17486BE700CF841D /* CoreGraphics.framework */,
			);
			name = Frameworks;
			sourceTree = "<group>";
		};
		49B68FC017486BE700CF841D /* TenKHours */ = {
			isa = PBXGroup;
			children = (
				49FE0191175899C800F796C9 /* Common */,
				4912531F17565EC300B0A8E4 /* Resources */,
				49C18066174B49D300A95FE6 /* StartTask */,
				49C18065174B49BD00A95FE6 /* AddTask */,
				49B68FC917486BE700CF841D /* AppDelegate.h */,
				49B68FCA17486BE700CF841D /* AppDelegate.m */,
				49B68FE61748757200CF841D /* HomeViewController.h */,
				49B68FE71748757200CF841D /* HomeViewController.m */,
				496B730F174D110C0082502B /* HomeViewController.xib */,
				496B7316174D190B0082502B /* TaskCollectionHeaderView.h */,
				496B7317174D190B0082502B /* TaskCollectionHeaderView.m */,
				49B68FC117486BE700CF841D /* Supporting Files */,
				1B8943D6D44D330FFBDCE50C /* TaskShowing */,
			);
			path = TenKHours;
			sourceTree = "<group>";
		};
		49B68FC117486BE700CF841D /* Supporting Files */ = {
			isa = PBXGroup;
			children = (
				49B68FC217486BE700CF841D /* TenKHours-Info.plist */,
				49B68FC317486BE700CF841D /* InfoPlist.strings */,
				49B68FC617486BE700CF841D /* main.m */,
				49B68FC817486BE700CF841D /* TenKHours-Prefix.pch */,
				49B68FCC17486BE700CF841D /* Default.png */,
				49B68FCE17486BE700CF841D /* Default@2x.png */,
				49B68FD017486BE700CF841D /* Default-568h@2x.png */,
			);
			name = "Supporting Files";
			sourceTree = "<group>";
		};
		49B68FDD17486E2E00CF841D /* images */ = {
			isa = PBXGroup;
			children = (
				49B68FE217486FB800CF841D /* icon.png */,
				49B68FE417486FBD00CF841D /* icon@2x.png */,
				49B68FDE17486E2E00CF841D /* background.png */,
				49B68FDF17486E2E00CF841D /* logo.png */,
			);
			path = images;
			sourceTree = "<group>";
		};
		49C18065174B49BD00A95FE6 /* AddTask */ = {
			isa = PBXGroup;
			children = (
				49B68FE917489C1A00CF841D /* AddTaskCell.h */,
				49B68FEA17489C1A00CF841D /* AddTaskCell.m */,
				49B68FEC17489F9F00CF841D /* AddTaskCell.xib */,
				493527F8174DB0060030518F /* AddTaskViewController.h */,
				493527F9174DB0060030518F /* AddTaskViewController.m */,
				493527FA174DB0060030518F /* AddTaskViewController.xib */,
				4957F6FE17535BF100299233 /* AddTaskCircle.h */,
				4957F6FF17535BF100299233 /* AddTaskCircle.m */,
			);
			name = AddTask;
			sourceTree = "<group>";
		};
		49C18066174B49D300A95FE6 /* StartTask */ = {
			isa = PBXGroup;
			children = (
				49C18060174B499700A95FE6 /* StartTaskCell.h */,
				49C18061174B499700A95FE6 /* StartTaskCell.m */,
				49C18063174B49B600A95FE6 /* StartTaskCell.xib */,
				492079EB175C933F00D5BA15 /* StartTaskCircle.h */,
				492079EC175C933F00D5BA15 /* StartTaskCircle.m */,
			);
			name = StartTask;
			sourceTree = "<group>";
		};
		49FE0191175899C800F796C9 /* Common */ = {
			isa = PBXGroup;
			children = (
				49FE0192175899D600F796C9 /* CommonHelper.h */,
				49FE0193175899D600F796C9 /* CommonHelper.m */,
			);
			path = Common;
			sourceTree = "<group>";
		};
/* End PBXGroup section */

/* Begin PBXNativeTarget section */
		49B68FB617486BE700CF841D /* TenKHours */ = {
			isa = PBXNativeTarget;
			buildConfigurationList = 49B68FDA17486BE700CF841D /* Build configuration list for PBXNativeTarget "TenKHours" */;
			buildPhases = (
				49B68FB317486BE700CF841D /* Sources */,
				49B68FB417486BE700CF841D /* Frameworks */,
				49B68FB517486BE700CF841D /* Resources */,
			);
			buildRules = (
			);
			dependencies = (
			);
			name = TenKHours;
			productName = TenKHours;
			productReference = 49B68FB717486BE700CF841D /* TenKHours.app */;
			productType = "com.apple.product-type.application";
		};
/* End PBXNativeTarget section */

/* Begin PBXProject section */
		49B68FAF17486BE700CF841D /* Project object */ = {
			isa = PBXProject;
			attributes = {
				LastUpgradeCheck = 0460;
				ORGANIZATIONNAME = Zation;
			};
			buildConfigurationList = 49B68FB217486BE700CF841D /* Build configuration list for PBXProject "TenKHours" */;
			compatibilityVersion = "Xcode 3.2";
			developmentRegion = English;
			hasScannedForEncodings = 0;
			knownRegions = (
				en,
			);
			mainGroup = 49B68FAE17486BE700CF841D;
			productRefGroup = 49B68FB817486BE700CF841D /* Products */;
			projectDirPath = "";
			projectRoot = "";
			targets = (
				49B68FB617486BE700CF841D /* TenKHours */,
			);
		};
/* End PBXProject section */

/* Begin PBXResourcesBuildPhase section */
		49B68FB517486BE700CF841D /* Resources */ = {
			isa = PBXResourcesBuildPhase;
			buildActionMask = 2147483647;
			files = (
				49B68FC517486BE700CF841D /* InfoPlist.strings in Resources */,
				49B68FCD17486BE700CF841D /* Default.png in Resources */,
				49B68FCF17486BE700CF841D /* Default@2x.png in Resources */,
				49B68FD117486BE700CF841D /* Default-568h@2x.png in Resources */,
				49B68FE017486E2E00CF841D /* background.png in Resources */,
				49B68FE117486E2E00CF841D /* logo.png in Resources */,
				49B68FE317486FB800CF841D /* icon.png in Resources */,
				49B68FE517486FBD00CF841D /* icon@2x.png in Resources */,
				49B68FED17489F9F00CF841D /* AddTaskCell.xib in Resources */,
				49C1805F174A7F3B00A95FE6 /* SystemConfig.plist in Resources */,
				49C18064174B49B600A95FE6 /* StartTaskCell.xib in Resources */,
				496B7310174D110C0082502B /* HomeViewController.xib in Resources */,
				493527FC174DB0060030518F /* AddTaskViewController.xib in Resources */,
				49FE018C17588F7400F796C9 /* TaskShowingViewController.xib in Resources */,
			);
			runOnlyForDeploymentPostprocessing = 0;
		};
/* End PBXResourcesBuildPhase section */

/* Begin PBXSourcesBuildPhase section */
		49B68FB317486BE700CF841D /* Sources */ = {
			isa = PBXSourcesBuildPhase;
			buildActionMask = 2147483647;
			files = (
				49C56179175701E1003FA8C8 /* TaskProgressView.h in Sources */,
				49C5617A175701E1003FA8C8 /* TaskProgressView.m in Sources */,
				49C5617B175701E1003FA8C8 /* TaskShowingViewController.h in Sources */,
				49C5617C175701E1003FA8C8 /* TaskShowingViewController.m in Sources */,
				49B68FC717486BE700CF841D /* main.m in Sources */,
				49B68FCB17486BE700CF841D /* AppDelegate.m in Sources */,
				49B68FE81748757200CF841D /* HomeViewController.m in Sources */,
				49B68FEB17489C1A00CF841D /* AddTaskCell.m in Sources */,
				49C18062174B499700A95FE6 /* StartTaskCell.m in Sources */,
				496B7318174D190B0082502B /* TaskCollectionHeaderView.m in Sources */,
				493527FB174DB0060030518F /* AddTaskViewController.m in Sources */,
				49B00B961750AB1000139741 /* Task.xcdatamodeld in Sources */,
				4957F70017535BF100299233 /* AddTaskCircle.m in Sources */,
				4912531B1756551700B0A8E4 /* Record.m in Sources */,
				4912531E1756551700B0A8E4 /* Task.m in Sources */,
				49FE0194175899D600F796C9 /* CommonHelper.m in Sources */,
				492079ED175C933F00D5BA15 /* StartTaskCircle.m in Sources */,
			);
			runOnlyForDeploymentPostprocessing = 0;
		};
/* End PBXSourcesBuildPhase section */

/* Begin PBXVariantGroup section */
		49B68FC317486BE700CF841D /* InfoPlist.strings */ = {
			isa = PBXVariantGroup;
			children = (
				49B68FC417486BE700CF841D /* en */,
			);
			name = InfoPlist.strings;
			sourceTree = "<group>";
		};
/* End PBXVariantGroup section */

/* Begin XCBuildConfiguration section */
		49B68FD817486BE700CF841D /* Debug */ = {
			isa = XCBuildConfiguration;
			buildSettings = {
				ALWAYS_SEARCH_USER_PATHS = NO;
				CLANG_CXX_LANGUAGE_STANDARD = "gnu++0x";
				CLANG_CXX_LIBRARY = "libc++";
				CLANG_ENABLE_OBJC_ARC = YES;
				CLANG_WARN_CONSTANT_CONVERSION = YES;
				CLANG_WARN_EMPTY_BODY = YES;
				CLANG_WARN_ENUM_CONVERSION = YES;
				CLANG_WARN_INT_CONVERSION = YES;
				CLANG_WARN__DUPLICATE_METHOD_MATCH = YES;
				"CODE_SIGN_IDENTITY[sdk=iphoneos*]" = "iPhone Developer";
				COPY_PHASE_STRIP = NO;
				GCC_C_LANGUAGE_STANDARD = gnu99;
				GCC_DYNAMIC_NO_PIC = NO;
				GCC_OPTIMIZATION_LEVEL = 0;
				GCC_PREPROCESSOR_DEFINITIONS = (
					"DEBUG=1",
					"$(inherited)",
				);
				GCC_SYMBOLS_PRIVATE_EXTERN = NO;
				GCC_WARN_ABOUT_RETURN_TYPE = YES;
				GCC_WARN_UNINITIALIZED_AUTOS = YES;
				GCC_WARN_UNUSED_VARIABLE = YES;
				IPHONEOS_DEPLOYMENT_TARGET = 6.1;
				ONLY_ACTIVE_ARCH = YES;
				SDKROOT = iphoneos;
			};
			name = Debug;
		};
		49B68FD917486BE700CF841D /* Release */ = {
			isa = XCBuildConfiguration;
			buildSettings = {
				ALWAYS_SEARCH_USER_PATHS = NO;
				CLANG_CXX_LANGUAGE_STANDARD = "gnu++0x";
				CLANG_CXX_LIBRARY = "libc++";
				CLANG_ENABLE_OBJC_ARC = YES;
				CLANG_WARN_CONSTANT_CONVERSION = YES;
				CLANG_WARN_EMPTY_BODY = YES;
				CLANG_WARN_ENUM_CONVERSION = YES;
				CLANG_WARN_INT_CONVERSION = YES;
				CLANG_WARN__DUPLICATE_METHOD_MATCH = YES;
				"CODE_SIGN_IDENTITY[sdk=iphoneos*]" = "iPhone Developer";
				COPY_PHASE_STRIP = YES;
				GCC_C_LANGUAGE_STANDARD = gnu99;
				GCC_WARN_ABOUT_RETURN_TYPE = YES;
				GCC_WARN_UNINITIALIZED_AUTOS = YES;
				GCC_WARN_UNUSED_VARIABLE = YES;
				IPHONEOS_DEPLOYMENT_TARGET = 6.1;
				OTHER_CFLAGS = "-DNS_BLOCK_ASSERTIONS=1";
				SDKROOT = iphoneos;
				VALIDATE_PRODUCT = YES;
			};
			name = Release;
		};
		49B68FDB17486BE700CF841D /* Debug */ = {
			isa = XCBuildConfiguration;
			buildSettings = {
				GCC_PRECOMPILE_PREFIX_HEADER = YES;
				GCC_PREFIX_HEADER = "TenKHours/TenKHours-Prefix.pch";
				INFOPLIST_FILE = "TenKHours/TenKHours-Info.plist";
				PRODUCT_NAME = "$(TARGET_NAME)";
				WRAPPER_EXTENSION = app;
			};
			name = Debug;
		};
		49B68FDC17486BE700CF841D /* Release */ = {
			isa = XCBuildConfiguration;
			buildSettings = {
				GCC_PRECOMPILE_PREFIX_HEADER = YES;
				GCC_PREFIX_HEADER = "TenKHours/TenKHours-Prefix.pch";
				INFOPLIST_FILE = "TenKHours/TenKHours-Info.plist";
				PRODUCT_NAME = "$(TARGET_NAME)";
				WRAPPER_EXTENSION = app;
			};
			name = Release;
		};
/* End XCBuildConfiguration section */

/* Begin XCConfigurationList section */
		49B68FB217486BE700CF841D /* Build configuration list for PBXProject "TenKHours" */ = {
			isa = XCConfigurationList;
			buildConfigurations = (
				49B68FD817486BE700CF841D /* Debug */,
				49B68FD917486BE700CF841D /* Release */,
			);
			defaultConfigurationIsVisible = 0;
			defaultConfigurationName = Release;
		};
		49B68FDA17486BE700CF841D /* Build configuration list for PBXNativeTarget "TenKHours" */ = {
			isa = XCConfigurationList;
			buildConfigurations = (
				49B68FDB17486BE700CF841D /* Debug */,
				49B68FDC17486BE700CF841D /* Release */,
			);
			defaultConfigurationIsVisible = 0;
			defaultConfigurationName = Release;
		};
/* End XCConfigurationList section */

/* Begin XCVersionGroup section */
		49B00B941750AB1000139741 /* Task.xcdatamodeld */ = {
			isa = XCVersionGroup;
			children = (
				49B00B951750AB1000139741 /* Task.xcdatamodel */,
			);
			currentVersion = 49B00B951750AB1000139741 /* Task.xcdatamodel */;
			path = Task.xcdatamodeld;
			sourceTree = "<group>";
			versionGroupType = wrapper.xcdatamodel;
		};
/* End XCVersionGroup section */
	};
	rootObject = 49B68FAF17486BE700CF841D /* Project object */;
}
